
Microsoft Visual Studio Solution File, Format Version 12.00
# Visual Studio Version 17
VisualStudioVersion = 17.4.33110.190
MinimumVisualStudioVersion = 10.0.40219.1
Project("{9A19103F-16F7-4668-BE54-9A1E7A4F7556}") = "Factory Method", "Factory Method\Factory Method.csproj", "{4122AF80-A1DC-4A06-8B80-ECE2B158EB20}"
EndProject
Project("{9A19103F-16F7-4668-BE54-9A1E7A4F7556}") = "Furniture Factory", "Furniture Factory\Furniture Factory.csproj", "{8DBB8947-3DE1-4A7F-BADB-8DEC0603347A}"
EndProject
Project("{9A19103F-16F7-4668-BE54-9A1E7A4F7556}") = "Adapter", "Adapter\Adapter.csproj", "{D0AE2982-C5C6-4A82-8334-B4A87BF9DFD1}"
EndProject
Project("{9A19103F-16F7-4668-BE54-9A1E7A4F7556}") = "Composite", "Composite\Composite.csproj", "{6C32AC08-ED83-4E57-B406-73BB99944A7B}"
EndProject
Project("{9A19103F-16F7-4668-BE54-9A1E7A4F7556}") = "Facade", "Facade\Facade.csproj", "{3672B9DD-87C2-4ED8-BC9C-F7A02CAF6FC6}"
EndProject
Project("{9A19103F-16F7-4668-BE54-9A1E7A4F7556}") = "Flyweight", "Flyweight\Flyweight.csproj", "{DD6982BD-A584-4A48-8FC6-75658A473241}"
EndProject
Project("{9A19103F-16F7-4668-BE54-9A1E7A4F7556}") = "Iterator", "Iterator\Iterator.csproj", "{D7C1CDCE-7427-4DC8-AA98-2A64368947C8}"
EndProject
Project("{9A19103F-16F7-4668-BE54-9A1E7A4F7556}") = "Proxy", "Proxy\Proxy.csproj", "{E0287751-99A3-4325-A14F-DE6E2EF34935}"
EndProject
Project("{FAE04EC0-301F-11D3-BF4B-00C04F79EFBC}") = "Memento", "Memento\Memento.csproj", "{771CD715-EC94-40C9-8CB8-A4F32A9B93B3}"
EndProject
Global
	GlobalSection(SolutionConfigurationPlatforms) = preSolution
		Debug|Any CPU = Debug|Any CPU
		Release|Any CPU = Release|Any CPU
	EndGlobalSection
	GlobalSection(ProjectConfigurationPlatforms) = postSolution
		{4122AF80-A1DC-4A06-8B80-ECE2B158EB20}.Debug|Any CPU.ActiveCfg = Debug|Any CPU
		{4122AF80-A1DC-4A06-8B80-ECE2B158EB20}.Debug|Any CPU.Build.0 = Debug|Any CPU
		{4122AF80-A1DC-4A06-8B80-ECE2B158EB20}.Release|Any CPU.ActiveCfg = Release|Any CPU
		{4122AF80-A1DC-4A06-8B80-ECE2B158EB20}.Release|Any CPU.Build.0 = Release|Any CPU
		{8DBB8947-3DE1-4A7F-BADB-8DEC0603347A}.Debug|Any CPU.ActiveCfg = Debug|Any CPU
		{8DBB8947-3DE1-4A7F-BADB-8DEC0603347A}.Debug|Any CPU.Build.0 = Debug|Any CPU
		{8DBB8947-3DE1-4A7F-BADB-8DEC0603347A}.Release|Any CPU.ActiveCfg = Release|Any CPU
		{8DBB8947-3DE1-4A7F-BADB-8DEC0603347A}.Release|Any CPU.Build.0 = Release|Any CPU
		{D0AE2982-C5C6-4A82-8334-B4A87BF9DFD1}.Debug|Any CPU.ActiveCfg = Debug|Any CPU
		{D0AE2982-C5C6-4A82-8334-B4A87BF9DFD1}.Debug|Any CPU.Build.0 = Debug|Any CPU
		{D0AE2982-C5C6-4A82-8334-B4A87BF9DFD1}.Release|Any CPU.ActiveCfg = Release|Any CPU
		{D0AE2982-C5C6-4A82-8334-B4A87BF9DFD1}.Release|Any CPU.Build.0 = Release|Any CPU
		{6C32AC08-ED83-4E57-B406-73BB99944A7B}.Debug|Any CPU.ActiveCfg = Debug|Any CPU
		{6C32AC08-ED83-4E57-B406-73BB99944A7B}.Debug|Any CPU.Build.0 = Debug|Any CPU
		{6C32AC08-ED83-4E57-B406-73BB99944A7B}.Release|Any CPU.ActiveCfg = Release|Any CPU
		{6C32AC08-ED83-4E57-B406-73BB99944A7B}.Release|Any CPU.Build.0 = Release|Any CPU
		{3672B9DD-87C2-4ED8-BC9C-F7A02CAF6FC6}.Debug|Any CPU.ActiveCfg = Debug|Any CPU
		{3672B9DD-87C2-4ED8-BC9C-F7A02CAF6FC6}.Debug|Any CPU.Build.0 = Debug|Any CPU
		{3672B9DD-87C2-4ED8-BC9C-F7A02CAF6FC6}.Release|Any CPU.ActiveCfg = Release|Any CPU
		{3672B9DD-87C2-4ED8-BC9C-F7A02CAF6FC6}.Release|Any CPU.Build.0 = Release|Any CPU
		{DD6982BD-A584-4A48-8FC6-75658A473241}.Debug|Any CPU.ActiveCfg = Debug|Any CPU
		{DD6982BD-A584-4A48-8FC6-75658A473241}.Debug|Any CPU.Build.0 = Debug|Any CPU
		{DD6982BD-A584-4A48-8FC6-75658A473241}.Release|Any CPU.ActiveCfg = Release|Any CPU
		{DD6982BD-A584-4A48-8FC6-75658A473241}.Release|Any CPU.Build.0 = Release|Any CPU
		{D7C1CDCE-7427-4DC8-AA98-2A64368947C8}.Debug|Any CPU.ActiveCfg = Debug|Any CPU
		{D7C1CDCE-7427-4DC8-AA98-2A64368947C8}.Debug|Any CPU.Build.0 = Debug|Any CPU
		{D7C1CDCE-7427-4DC8-AA98-2A64368947C8}.Release|Any CPU.ActiveCfg = Release|Any CPU
		{D7C1CDCE-7427-4DC8-AA98-2A64368947C8}.Release|Any CPU.Build.0 = Release|Any CPU
		{E0287751-99A3-4325-A14F-DE6E2EF34935}.Debug|Any CPU.ActiveCfg = Debug|Any CPU
		{E0287751-99A3-4325-A14F-DE6E2EF34935}.Debug|Any CPU.Build.0 = Debug|Any CPU
		{E0287751-99A3-4325-A14F-DE6E2EF34935}.Release|Any CPU.ActiveCfg = Release|Any CPU
		{E0287751-99A3-4325-A14F-DE6E2EF34935}.Release|Any CPU.Build.0 = Release|Any CPU
		{771CD715-EC94-40C9-8CB8-A4F32A9B93B3}.Debug|Any CPU.ActiveCfg = Debug|Any CPU
		{771CD715-EC94-40C9-8CB8-A4F32A9B93B3}.Debug|Any CPU.Build.0 = Debug|Any CPU
		{771CD715-EC94-40C9-8CB8-A4F32A9B93B3}.Release|Any CPU.ActiveCfg = Release|Any CPU
		{771CD715-EC94-40C9-8CB8-A4F32A9B93B3}.Release|Any CPU.Build.0 = Release|Any CPU
	EndGlobalSection
	GlobalSection(SolutionProperties) = preSolution
		HideSolutionNode = FALSE
	EndGlobalSection
	GlobalSection(ExtensibilityGlobals) = postSolution
		SolutionGuid = {3D4B1521-29C5-4749-B840-ACA7C9693754}
	EndGlobalSection
EndGlobal
